
Microsoft Visual Studio Solution File, Format Version 12.00
# Visual Studio 15
VisualStudioVersion = 15.0.27004.2006
MinimumVisualStudioVersion = 10.0.40219.1
Project("{FAE04EC0-301F-11D3-BF4B-00C04F79EFBC}") = "Vidzy", "Vidzy\Vidzy.csproj", "{CDA00AF0-AE64-4FCE-A6A4-56411B04D55E}"
EndProject
Global
	GlobalSection(SolutionConfigurationPlatforms) = preSolution
		Debug|Any CPU = Debug|Any CPU
		Release|Any CPU = Release|Any CPU
	EndGlobalSection
	GlobalSection(ProjectConfigurationPlatforms) = postSolution
		{CDA00AF0-AE64-4FCE-A6A4-56411B04D55E}.Debug|Any CPU.ActiveCfg = Debug|Any CPU
		{CDA00AF0-AE64-4FCE-A6A4-56411B04D55E}.Debug|Any CPU.Build.0 = Debug|Any CPU
		{CDA00AF0-AE64-4FCE-A6A4-56411B04D55E}.Release|Any CPU.ActiveCfg = Release|Any CPU
		{CDA00AF0-AE64-4FCE-A6A4-56411B04D55E}.Release|Any CPU.Build.0 = Release|Any CPU
	EndGlobalSection
	GlobalSection(SolutionProperties) = preSolution
		HideSolutionNode = FALSE
	EndGlobalSection
	GlobalSection(ExtensibilityGlobals) = postSolution
		SolutionGuid = {4543FBFC-647D-45E2-AB4E-E08308B32E8A}
	EndGlobalSection
EndGlobal
